
Microsoft Visual Studio Solution File, Format Version 12.00
# Visual Studio Version 16
VisualStudioVersion = 16.0.31025.194
MinimumVisualStudioVersion = 10.0.40219.1
Project("{FAE04EC0-301F-11D3-BF4B-00C04F79EFBC}") = "MileStone1", "MileStone1\MileStone1.csproj", "{6806634F-376C-49BE-ADA6-2E9461C5062A}"
EndProject
Global
	GlobalSection(SolutionConfigurationPlatforms) = preSolution
		Debug|Any CPU = Debug|Any CPU
		Release|Any CPU = Release|Any CPU
	EndGlobalSection
	GlobalSection(ProjectConfigurationPlatforms) = postSolution
		{6806634F-376C-49BE-ADA6-2E9461C5062A}.Debug|Any CPU.ActiveCfg = Debug|Any CPU
		{6806634F-376C-49BE-ADA6-2E9461C5062A}.Debug|Any CPU.Build.0 = Debug|Any CPU
		{6806634F-376C-49BE-ADA6-2E9461C5062A}.Release|Any CPU.ActiveCfg = Release|Any CPU
		{6806634F-376C-49BE-ADA6-2E9461C5062A}.Release|Any CPU.Build.0 = Release|Any CPU
	EndGlobalSection
	GlobalSection(SolutionProperties) = preSolution
		HideSolutionNode = FALSE
	EndGlobalSection
	GlobalSection(ExtensibilityGlobals) = postSolution
		SolutionGuid = {9C377ABA-38E5-452D-9B14-88E8F55C96A5}
	EndGlobalSection
EndGlobal
